
Microsoft Visual Studio Solution File, Format Version 12.00
# Visual Studio Version 17
VisualStudioVersion = 17.6.33829.357
MinimumVisualStudioVersion = 10.0.40219.1
Project("{FAE04EC0-301F-11D3-BF4B-00C04F79EFBC}") = "Sachin_patil_upload", "Sachin_patil_upload\Sachin_patil_upload.csproj", "{08983AEC-3B47-4223-9D3B-A986B8D73213}"
EndProject
Global
	GlobalSection(SolutionConfigurationPlatforms) = preSolution
		Debug|Any CPU = Debug|Any CPU
		Release|Any CPU = Release|Any CPU
	EndGlobalSection
	GlobalSection(ProjectConfigurationPlatforms) = postSolution
		{08983AEC-3B47-4223-9D3B-A986B8D73213}.Debug|Any CPU.ActiveCfg = Debug|Any CPU
		{08983AEC-3B47-4223-9D3B-A986B8D73213}.Debug|Any CPU.Build.0 = Debug|Any CPU
		{08983AEC-3B47-4223-9D3B-A986B8D73213}.Release|Any CPU.ActiveCfg = Release|Any CPU
		{08983AEC-3B47-4223-9D3B-A986B8D73213}.Release|Any CPU.Build.0 = Release|Any CPU
	EndGlobalSection
	GlobalSection(SolutionProperties) = preSolution
		HideSolutionNode = FALSE
	EndGlobalSection
	GlobalSection(ExtensibilityGlobals) = postSolution
		SolutionGuid = {B3967F4E-9A59-49F5-9FCE-FADC5F7AFDD9}
	EndGlobalSection
EndGlobal
